// !$*UTF8*$!
{
	archiveVersion = 1;
	classes = {
	};
	objectVersion = 56;
	objects = {

/* Begin PBXBuildFile section */
		4E2F64F52A7B7D8B001768A3 /* InterestsModel.swift in Sources */ = {isa = PBXBuildFile; fileRef = 4E2F64F42A7B7D8B001768A3 /* InterestsModel.swift */; };
		4E2F64F72A7B7D9A001768A3 /* OccupationModel.swift in Sources */ = {isa = PBXBuildFile; fileRef = 4E2F64F62A7B7D9A001768A3 /* OccupationModel.swift */; };
		4E2F64F92A7B7DAF001768A3 /* ReligionModel.swift in Sources */ = {isa = PBXBuildFile; fileRef = 4E2F64F82A7B7DAF001768A3 /* ReligionModel.swift */; };
		4E2F64FB2A7B7DC4001768A3 /* CommunityModel.swift in Sources */ = {isa = PBXBuildFile; fileRef = 4E2F64FA2A7B7DC4001768A3 /* CommunityModel.swift */; };
		4E2F64FD2A7B7E2E001768A3 /* EducationModel.swift in Sources */ = {isa = PBXBuildFile; fileRef = 4E2F64FC2A7B7E2E001768A3 /* EducationModel.swift */; };
		4E2F64FF2A7B7E79001768A3 /* CityModel.swift in Sources */ = {isa = PBXBuildFile; fileRef = 4E2F64FE2A7B7E79001768A3 /* CityModel.swift */; };
		4E2F65012A7B7E95001768A3 /* SettleDownInModel.swift in Sources */ = {isa = PBXBuildFile; fileRef = 4E2F65002A7B7E95001768A3 /* SettleDownInModel.swift */; };
		4E2F65032A7B7EF5001768A3 /* MotherTongueModel.swift in Sources */ = {isa = PBXBuildFile; fileRef = 4E2F65022A7B7EF5001768A3 /* MotherTongueModel.swift */; };
		4E2F65052A7B7F2A001768A3 /* IncomeRangeModel.swift in Sources */ = {isa = PBXBuildFile; fileRef = 4E2F65042A7B7F2A001768A3 /* IncomeRangeModel.swift */; };
		4E42E1272A6538CF0003D6DD /* ColorsConstants.swift in Sources */ = {isa = PBXBuildFile; fileRef = 4E42E1262A6538CF0003D6DD /* ColorsConstants.swift */; };
		4E42E1292A653A5C0003D6DD /* HexColorExtention.swift in Sources */ = {isa = PBXBuildFile; fileRef = 4E42E1282A653A5C0003D6DD /* HexColorExtention.swift */; };
		4E42E12B2A653BFF0003D6DD /* RedGradientColorButton.swift in Sources */ = {isa = PBXBuildFile; fileRef = 4E42E12A2A653BFF0003D6DD /* RedGradientColorButton.swift */; };
		4E42E12F2A6544670003D6DD /* CustomTextFieldForAll.swift in Sources */ = {isa = PBXBuildFile; fileRef = 4E42E12E2A6544670003D6DD /* CustomTextFieldForAll.swift */; };
		4E432DB82A7F5B6E00996D2F /* PhoneAndOTpModelRequest.swift in Sources */ = {isa = PBXBuildFile; fileRef = 4E432DB72A7F5B6E00996D2F /* PhoneAndOTpModelRequest.swift */; };
		4E432DBC2A7F860D00996D2F /* GenderScreen2.swift in Sources */ = {isa = PBXBuildFile; fileRef = 4E432DBB2A7F860D00996D2F /* GenderScreen2.swift */; };
		4E432DC02A7FA46F00996D2F /* ChipGroups.swift in Sources */ = {isa = PBXBuildFile; fileRef = 4E432DBF2A7FA46F00996D2F /* ChipGroups.swift */; };
		4E4B114F2A66601600069313 /* KeyBoardExtentions.swift in Sources */ = {isa = PBXBuildFile; fileRef = 4E4B114E2A66601600069313 /* KeyBoardExtentions.swift */; };
		4E4B11522A6676F500069313 /* SharedPreferences.swift in Sources */ = {isa = PBXBuildFile; fileRef = 4E4B11512A6676F500069313 /* SharedPreferences.swift */; };
		4E4B11552A668B8F00069313 /* Product.swift in Sources */ = {isa = PBXBuildFile; fileRef = 4E4B11542A668B8F00069313 /* Product.swift */; };
		4E4B11572A668C8B00069313 /* ApiManager.swift in Sources */ = {isa = PBXBuildFile; fileRef = 4E4B11562A668C8B00069313 /* ApiManager.swift */; };
		4E4B115C2A6696C600069313 /* ViewModelCus.swift in Sources */ = {isa = PBXBuildFile; fileRef = 4E4B115B2A6696C600069313 /* ViewModelCus.swift */; };
		4E559CCC2A76C61400400A8B /* CommonMasterViewModel.swift in Sources */ = {isa = PBXBuildFile; fileRef = 4E559CCB2A76C61400400A8B /* CommonMasterViewModel.swift */; };
		4E559CCF2A76D85F00400A8B /* HeightModel.swift in Sources */ = {isa = PBXBuildFile; fileRef = 4E559CCE2A76D85F00400A8B /* HeightModel.swift */; };
		4E5AA35B2A7CBDDA00E7AF25 /* SavePreferencesData.swift in Sources */ = {isa = PBXBuildFile; fileRef = 4E5AA35A2A7CBDDA00E7AF25 /* SavePreferencesData.swift */; };
		4E5AA35D2A7CBE2000E7AF25 /* GetPreferencesData.swift in Sources */ = {isa = PBXBuildFile; fileRef = 4E5AA35C2A7CBE2000E7AF25 /* GetPreferencesData.swift */; };
		4E5AA35F2A7CBE7100E7AF25 /* CheckPreferenceData.swift in Sources */ = {isa = PBXBuildFile; fileRef = 4E5AA35E2A7CBE7100E7AF25 /* CheckPreferenceData.swift */; };
		4E5AA3652A7CC79800E7AF25 /* AuthUrls.swift in Sources */ = {isa = PBXBuildFile; fileRef = 4E5AA3642A7CC79800E7AF25 /* AuthUrls.swift */; };
		4E5AA3672A7CCB3C00E7AF25 /* SendOTPModelResponse.swift in Sources */ = {isa = PBXBuildFile; fileRef = 4E5AA3662A7CCB3C00E7AF25 /* SendOTPModelResponse.swift */; };
		4E5AA3692A7CCF4700E7AF25 /* ValidateOTPModelResponse.swift in Sources */ = {isa = PBXBuildFile; fileRef = 4E5AA3682A7CCF4700E7AF25 /* ValidateOTPModelResponse.swift */; };
		4E5AA36B2A7CD14E00E7AF25 /* AuthViewModel.swift in Sources */ = {isa = PBXBuildFile; fileRef = 4E5AA36A2A7CD14E00E7AF25 /* AuthViewModel.swift */; };
		4E73F0C92A6454AB0024759D /* UserOnBoardingScreen.swift in Sources */ = {isa = PBXBuildFile; fileRef = 4E73F0C82A6454AB0024759D /* UserOnBoardingScreen.swift */; };
		4E73F0CB2A6458400024759D /* GetStartedScreen.swift in Sources */ = {isa = PBXBuildFile; fileRef = 4E73F0CA2A6458400024759D /* GetStartedScreen.swift */; };
		4E73F0CD2A64FD740024759D /* Strings.swift in Sources */ = {isa = PBXBuildFile; fileRef = 4E73F0CC2A64FD740024759D /* Strings.swift */; };
		4E73F0D02A6512550024759D /* LoginScreen.swift in Sources */ = {isa = PBXBuildFile; fileRef = 4E73F0CF2A6512550024759D /* LoginScreen.swift */; };
		4E73F0D32A6512780024759D /* VerificationScreen.swift in Sources */ = {isa = PBXBuildFile; fileRef = 4E73F0D22A6512780024759D /* VerificationScreen.swift */; };
		4E73F0D62A651CD00024759D /* PurpleGradentColorButton.swift in Sources */ = {isa = PBXBuildFile; fileRef = 4E73F0D52A651CD00024759D /* PurpleGradentColorButton.swift */; };
		4E7643082A7AD4D40014BDC8 /* BaseUrl.swift in Sources */ = {isa = PBXBuildFile; fileRef = 4E7643072A7AD4D40014BDC8 /* BaseUrl.swift */; };
		4E87C76C2A680E39002B8CC8 /* CoustomResendButton.swift in Sources */ = {isa = PBXBuildFile; fileRef = 4E87C76B2A680E39002B8CC8 /* CoustomResendButton.swift */; };
		4E87C76E2A681838002B8CC8 /* CustomProgressBar.swift in Sources */ = {isa = PBXBuildFile; fileRef = 4E87C76D2A681838002B8CC8 /* CustomProgressBar.swift */; };
		4E87C7722A6855BF002B8CC8 /* FirstAndLastNameScreen1.swift in Sources */ = {isa = PBXBuildFile; fileRef = 4E87C7712A6855BF002B8CC8 /* FirstAndLastNameScreen1.swift */; };
		4E87C7742A685CE0002B8CC8 /* CustomTextFieldForFirstNameAndLastName.swift in Sources */ = {isa = PBXBuildFile; fileRef = 4E87C7732A685CE0002B8CC8 /* CustomTextFieldForFirstNameAndLastName.swift */; };
		4E87C7772A686415002B8CC8 /* NextButtonActive.swift in Sources */ = {isa = PBXBuildFile; fileRef = 4E87C7762A686415002B8CC8 /* NextButtonActive.swift */; };
		4E87C7792A686433002B8CC8 /* NextButtonInActive.swift in Sources */ = {isa = PBXBuildFile; fileRef = 4E87C7782A686433002B8CC8 /* NextButtonInActive.swift */; };
		4E87C77D2A692784002B8CC8 /* RegistrationPagesEnum.swift in Sources */ = {isa = PBXBuildFile; fileRef = 4E87C77C2A692784002B8CC8 /* RegistrationPagesEnum.swift */; };
		4EA8A6712A7923EC00A565EB /* apiUrls.swift in Sources */ = {isa = PBXBuildFile; fileRef = 4EA8A6702A7923EB00A565EB /* apiUrls.swift */; };
		4EA8A6752A7928B600A565EB /* EndpointItems.swift in Sources */ = {isa = PBXBuildFile; fileRef = 4EA8A6742A7928B600A565EB /* EndpointItems.swift */; };
		4EAA215A2A67E71D001D0D1F /* CornerRadius.swift in Sources */ = {isa = PBXBuildFile; fileRef = 4EAA21592A67E71D001D0D1F /* CornerRadius.swift */; };
		4EAA215E2A67EE68001D0D1F /* OTPTextField.swift in Sources */ = {isa = PBXBuildFile; fileRef = 4EAA215D2A67EE68001D0D1F /* OTPTextField.swift */; };
		4EAA21602A67FE2F001D0D1F /* Dimentions.swift in Sources */ = {isa = PBXBuildFile; fileRef = 4EAA215F2A67FE2F001D0D1F /* Dimentions.swift */; };
		4ED62B602A764E2200142E6F /* HttpMethods.swift in Sources */ = {isa = PBXBuildFile; fileRef = 4ED62B5F2A764E2200142E6F /* HttpMethods.swift */; };
		4ED62B632A7668B800142E6F /* AddProducts.swift in Sources */ = {isa = PBXBuildFile; fileRef = 4ED62B622A7668B800142E6F /* AddProducts.swift */; };
		4ED9F0E22A62597E003CB06E /* WedNicelyApp.swift in Sources */ = {isa = PBXBuildFile; fileRef = 4ED9F0E12A62597E003CB06E /* WedNicelyApp.swift */; };
		4ED9F0E62A625982003CB06E /* Assets.xcassets in Resources */ = {isa = PBXBuildFile; fileRef = 4ED9F0E52A625982003CB06E /* Assets.xcassets */; };
		4ED9F0E92A625982003CB06E /* Preview Assets.xcassets in Resources */ = {isa = PBXBuildFile; fileRef = 4ED9F0E82A625982003CB06E /* Preview Assets.xcassets */; };
		4ED9F0F32A625982003CB06E /* WedNicelyTests.swift in Sources */ = {isa = PBXBuildFile; fileRef = 4ED9F0F22A625982003CB06E /* WedNicelyTests.swift */; };
		4ED9F0FD2A625982003CB06E /* WedNicelyUITests.swift in Sources */ = {isa = PBXBuildFile; fileRef = 4ED9F0FC2A625982003CB06E /* WedNicelyUITests.swift */; };
		4ED9F0FF2A625982003CB06E /* WedNicelyUITestsLaunchTests.swift in Sources */ = {isa = PBXBuildFile; fileRef = 4ED9F0FE2A625982003CB06E /* WedNicelyUITestsLaunchTests.swift */; };
		4ED9F10C2A625F29003CB06E /* SplashScreenView.swift in Sources */ = {isa = PBXBuildFile; fileRef = 4ED9F10B2A625F29003CB06E /* SplashScreenView.swift */; };
		4ED9F10F2A62A0BC003CB06E /* Lottie in Frameworks */ = {isa = PBXBuildFile; productRef = 4ED9F10E2A62A0BC003CB06E /* Lottie */; };
/* End PBXBuildFile section */

/* Begin PBXContainerItemProxy section */
		4ED9F0EF2A625982003CB06E /* PBXContainerItemProxy */ = {
			isa = PBXContainerItemProxy;
			containerPortal = 4ED9F0D62A62597E003CB06E /* Project object */;
			proxyType = 1;
			remoteGlobalIDString = 4ED9F0DD2A62597E003CB06E;
			remoteInfo = WedNicely;
		};
		4ED9F0F92A625982003CB06E /* PBXContainerItemProxy */ = {
			isa = PBXContainerItemProxy;
			containerPortal = 4ED9F0D62A62597E003CB06E /* Project object */;
			proxyType = 1;
			remoteGlobalIDString = 4ED9F0DD2A62597E003CB06E;
			remoteInfo = WedNicely;
		};
/* End PBXContainerItemProxy section */

/* Begin PBXFileReference section */
		4E2F64F42A7B7D8B001768A3 /* InterestsModel.swift */ = {isa = PBXFileReference; lastKnownFileType = sourcecode.swift; path = InterestsModel.swift; sourceTree = "<group>"; };
		4E2F64F62A7B7D9A001768A3 /* OccupationModel.swift */ = {isa = PBXFileReference; lastKnownFileType = sourcecode.swift; path = OccupationModel.swift; sourceTree = "<group>"; };
		4E2F64F82A7B7DAF001768A3 /* ReligionModel.swift */ = {isa = PBXFileReference; lastKnownFileType = sourcecode.swift; path = ReligionModel.swift; sourceTree = "<group>"; };
		4E2F64FA2A7B7DC4001768A3 /* CommunityModel.swift */ = {isa = PBXFileReference; lastKnownFileType = sourcecode.swift; path = CommunityModel.swift; sourceTree = "<group>"; };
		4E2F64FC2A7B7E2E001768A3 /* EducationModel.swift */ = {isa = PBXFileReference; lastKnownFileType = sourcecode.swift; path = EducationModel.swift; sourceTree = "<group>"; };
		4E2F64FE2A7B7E79001768A3 /* CityModel.swift */ = {isa = PBXFileReference; lastKnownFileType = sourcecode.swift; path = CityModel.swift; sourceTree = "<group>"; };
		4E2F65002A7B7E95001768A3 /* SettleDownInModel.swift */ = {isa = PBXFileReference; lastKnownFileType = sourcecode.swift; path = SettleDownInModel.swift; sourceTree = "<group>"; };
		4E2F65022A7B7EF5001768A3 /* MotherTongueModel.swift */ = {isa = PBXFileReference; lastKnownFileType = sourcecode.swift; path = MotherTongueModel.swift; sourceTree = "<group>"; };
		4E2F65042A7B7F2A001768A3 /* IncomeRangeModel.swift */ = {isa = PBXFileReference; lastKnownFileType = sourcecode.swift; path = IncomeRangeModel.swift; sourceTree = "<group>"; };
		4E42E1262A6538CF0003D6DD /* ColorsConstants.swift */ = {isa = PBXFileReference; lastKnownFileType = sourcecode.swift; path = ColorsConstants.swift; sourceTree = "<group>"; };
		4E42E1282A653A5C0003D6DD /* HexColorExtention.swift */ = {isa = PBXFileReference; lastKnownFileType = sourcecode.swift; path = HexColorExtention.swift; sourceTree = "<group>"; };
		4E42E12A2A653BFF0003D6DD /* RedGradientColorButton.swift */ = {isa = PBXFileReference; lastKnownFileType = sourcecode.swift; path = RedGradientColorButton.swift; sourceTree = "<group>"; };
		4E42E12E2A6544670003D6DD /* CustomTextFieldForAll.swift */ = {isa = PBXFileReference; lastKnownFileType = sourcecode.swift; path = CustomTextFieldForAll.swift; sourceTree = "<group>"; };
		4E432DB72A7F5B6E00996D2F /* PhoneAndOTpModelRequest.swift */ = {isa = PBXFileReference; lastKnownFileType = sourcecode.swift; path = PhoneAndOTpModelRequest.swift; sourceTree = "<group>"; };
		4E432DBB2A7F860D00996D2F /* GenderScreen2.swift */ = {isa = PBXFileReference; lastKnownFileType = sourcecode.swift; path = GenderScreen2.swift; sourceTree = "<group>"; };
		4E432DBF2A7FA46F00996D2F /* ChipGroups.swift */ = {isa = PBXFileReference; lastKnownFileType = sourcecode.swift; path = ChipGroups.swift; sourceTree = "<group>"; };
		4E4B114E2A66601600069313 /* KeyBoardExtentions.swift */ = {isa = PBXFileReference; lastKnownFileType = sourcecode.swift; path = KeyBoardExtentions.swift; sourceTree = "<group>"; };
		4E4B11512A6676F500069313 /* SharedPreferences.swift */ = {isa = PBXFileReference; lastKnownFileType = sourcecode.swift; path = SharedPreferences.swift; sourceTree = "<group>"; };
		4E4B11542A668B8F00069313 /* Product.swift */ = {isa = PBXFileReference; lastKnownFileType = sourcecode.swift; path = Product.swift; sourceTree = "<group>"; };
		4E4B11562A668C8B00069313 /* ApiManager.swift */ = {isa = PBXFileReference; lastKnownFileType = sourcecode.swift; path = ApiManager.swift; sourceTree = "<group>"; };
		4E4B115B2A6696C600069313 /* ViewModelCus.swift */ = {isa = PBXFileReference; lastKnownFileType = sourcecode.swift; path = ViewModelCus.swift; sourceTree = "<group>"; };
		4E559CCB2A76C61400400A8B /* CommonMasterViewModel.swift */ = {isa = PBXFileReference; lastKnownFileType = sourcecode.swift; path = CommonMasterViewModel.swift; sourceTree = "<group>"; };
		4E559CCE2A76D85F00400A8B /* HeightModel.swift */ = {isa = PBXFileReference; lastKnownFileType = sourcecode.swift; path = HeightModel.swift; sourceTree = "<group>"; };
		4E5AA35A2A7CBDDA00E7AF25 /* SavePreferencesData.swift */ = {isa = PBXFileReference; lastKnownFileType = sourcecode.swift; path = SavePreferencesData.swift; sourceTree = "<group>"; };
		4E5AA35C2A7CBE2000E7AF25 /* GetPreferencesData.swift */ = {isa = PBXFileReference; lastKnownFileType = sourcecode.swift; path = GetPreferencesData.swift; sourceTree = "<group>"; };
		4E5AA35E2A7CBE7100E7AF25 /* CheckPreferenceData.swift */ = {isa = PBXFileReference; lastKnownFileType = sourcecode.swift; path = CheckPreferenceData.swift; sourceTree = "<group>"; };
		4E5AA3642A7CC79800E7AF25 /* AuthUrls.swift */ = {isa = PBXFileReference; lastKnownFileType = sourcecode.swift; path = AuthUrls.swift; sourceTree = "<group>"; };
		4E5AA3662A7CCB3C00E7AF25 /* SendOTPModelResponse.swift */ = {isa = PBXFileReference; lastKnownFileType = sourcecode.swift; path = SendOTPModelResponse.swift; sourceTree = "<group>"; };
		4E5AA3682A7CCF4700E7AF25 /* ValidateOTPModelResponse.swift */ = {isa = PBXFileReference; lastKnownFileType = sourcecode.swift; path = ValidateOTPModelResponse.swift; sourceTree = "<group>"; };
		4E5AA36A2A7CD14E00E7AF25 /* AuthViewModel.swift */ = {isa = PBXFileReference; lastKnownFileType = sourcecode.swift; path = AuthViewModel.swift; sourceTree = "<group>"; };
		4E73F0C82A6454AB0024759D /* UserOnBoardingScreen.swift */ = {isa = PBXFileReference; lastKnownFileType = sourcecode.swift; path = UserOnBoardingScreen.swift; sourceTree = "<group>"; };
		4E73F0CA2A6458400024759D /* GetStartedScreen.swift */ = {isa = PBXFileReference; lastKnownFileType = sourcecode.swift; path = GetStartedScreen.swift; sourceTree = "<group>"; };
		4E73F0CC2A64FD740024759D /* Strings.swift */ = {isa = PBXFileReference; lastKnownFileType = sourcecode.swift; path = Strings.swift; sourceTree = "<group>"; };
		4E73F0CF2A6512550024759D /* LoginScreen.swift */ = {isa = PBXFileReference; lastKnownFileType = sourcecode.swift; path = LoginScreen.swift; sourceTree = "<group>"; };
		4E73F0D22A6512780024759D /* VerificationScreen.swift */ = {isa = PBXFileReference; lastKnownFileType = sourcecode.swift; path = VerificationScreen.swift; sourceTree = "<group>"; };
		4E73F0D52A651CD00024759D /* PurpleGradentColorButton.swift */ = {isa = PBXFileReference; lastKnownFileType = sourcecode.swift; path = PurpleGradentColorButton.swift; sourceTree = "<group>"; };
		4E7643072A7AD4D40014BDC8 /* BaseUrl.swift */ = {isa = PBXFileReference; lastKnownFileType = sourcecode.swift; path = BaseUrl.swift; sourceTree = "<group>"; };
		4E87C76B2A680E39002B8CC8 /* CoustomResendButton.swift */ = {isa = PBXFileReference; lastKnownFileType = sourcecode.swift; path = CoustomResendButton.swift; sourceTree = "<group>"; };
		4E87C76D2A681838002B8CC8 /* CustomProgressBar.swift */ = {isa = PBXFileReference; lastKnownFileType = sourcecode.swift; path = CustomProgressBar.swift; sourceTree = "<group>"; };
		4E87C7712A6855BF002B8CC8 /* FirstAndLastNameScreen1.swift */ = {isa = PBXFileReference; lastKnownFileType = sourcecode.swift; path = FirstAndLastNameScreen1.swift; sourceTree = "<group>"; };
		4E87C7732A685CE0002B8CC8 /* CustomTextFieldForFirstNameAndLastName.swift */ = {isa = PBXFileReference; lastKnownFileType = sourcecode.swift; path = CustomTextFieldForFirstNameAndLastName.swift; sourceTree = "<group>"; };
		4E87C7762A686415002B8CC8 /* NextButtonActive.swift */ = {isa = PBXFileReference; lastKnownFileType = sourcecode.swift; path = NextButtonActive.swift; sourceTree = "<group>"; };
		4E87C7782A686433002B8CC8 /* NextButtonInActive.swift */ = {isa = PBXFileReference; lastKnownFileType = sourcecode.swift; path = NextButtonInActive.swift; sourceTree = "<group>"; };
		4E87C77C2A692784002B8CC8 /* RegistrationPagesEnum.swift */ = {isa = PBXFileReference; lastKnownFileType = sourcecode.swift; path = RegistrationPagesEnum.swift; sourceTree = "<group>"; };
		4EA8A6702A7923EB00A565EB /* apiUrls.swift */ = {isa = PBXFileReference; lastKnownFileType = sourcecode.swift; path = apiUrls.swift; sourceTree = "<group>"; };
		4EA8A6742A7928B600A565EB /* EndpointItems.swift */ = {isa = PBXFileReference; lastKnownFileType = sourcecode.swift; path = EndpointItems.swift; sourceTree = "<group>"; };
		4EAA21592A67E71D001D0D1F /* CornerRadius.swift */ = {isa = PBXFileReference; lastKnownFileType = sourcecode.swift; path = CornerRadius.swift; sourceTree = "<group>"; };
		4EAA215D2A67EE68001D0D1F /* OTPTextField.swift */ = {isa = PBXFileReference; lastKnownFileType = sourcecode.swift; path = OTPTextField.swift; sourceTree = "<group>"; };
		4EAA215F2A67FE2F001D0D1F /* Dimentions.swift */ = {isa = PBXFileReference; lastKnownFileType = sourcecode.swift; path = Dimentions.swift; sourceTree = "<group>"; };
		4ED62B5F2A764E2200142E6F /* HttpMethods.swift */ = {isa = PBXFileReference; lastKnownFileType = sourcecode.swift; path = HttpMethods.swift; sourceTree = "<group>"; };
		4ED62B622A7668B800142E6F /* AddProducts.swift */ = {isa = PBXFileReference; lastKnownFileType = sourcecode.swift; path = AddProducts.swift; sourceTree = "<group>"; };
		4ED9F0DE2A62597E003CB06E /* WedNicely.app */ = {isa = PBXFileReference; explicitFileType = wrapper.application; includeInIndex = 0; path = WedNicely.app; sourceTree = BUILT_PRODUCTS_DIR; };
		4ED9F0E12A62597E003CB06E /* WedNicelyApp.swift */ = {isa = PBXFileReference; lastKnownFileType = sourcecode.swift; path = WedNicelyApp.swift; sourceTree = "<group>"; };
		4ED9F0E52A625982003CB06E /* Assets.xcassets */ = {isa = PBXFileReference; lastKnownFileType = folder.assetcatalog; path = Assets.xcassets; sourceTree = "<group>"; };
		4ED9F0E82A625982003CB06E /* Preview Assets.xcassets */ = {isa = PBXFileReference; lastKnownFileType = folder.assetcatalog; path = "Preview Assets.xcassets"; sourceTree = "<group>"; };
		4ED9F0EE2A625982003CB06E /* WedNicelyTests.xctest */ = {isa = PBXFileReference; explicitFileType = wrapper.cfbundle; includeInIndex = 0; path = WedNicelyTests.xctest; sourceTree = BUILT_PRODUCTS_DIR; };
		4ED9F0F22A625982003CB06E /* WedNicelyTests.swift */ = {isa = PBXFileReference; lastKnownFileType = sourcecode.swift; path = WedNicelyTests.swift; sourceTree = "<group>"; };
		4ED9F0F82A625982003CB06E /* WedNicelyUITests.xctest */ = {isa = PBXFileReference; explicitFileType = wrapper.cfbundle; includeInIndex = 0; path = WedNicelyUITests.xctest; sourceTree = BUILT_PRODUCTS_DIR; };
		4ED9F0FC2A625982003CB06E /* WedNicelyUITests.swift */ = {isa = PBXFileReference; lastKnownFileType = sourcecode.swift; path = WedNicelyUITests.swift; sourceTree = "<group>"; };
		4ED9F0FE2A625982003CB06E /* WedNicelyUITestsLaunchTests.swift */ = {isa = PBXFileReference; lastKnownFileType = sourcecode.swift; path = WedNicelyUITestsLaunchTests.swift; sourceTree = "<group>"; };
		4ED9F10B2A625F29003CB06E /* SplashScreenView.swift */ = {isa = PBXFileReference; lastKnownFileType = sourcecode.swift; path = SplashScreenView.swift; sourceTree = "<group>"; };
/* End PBXFileReference section */

/* Begin PBXFrameworksBuildPhase section */
		4ED9F0DB2A62597E003CB06E /* Frameworks */ = {
			isa = PBXFrameworksBuildPhase;
			buildActionMask = 2147483647;
			files = (
				4ED9F10F2A62A0BC003CB06E /* Lottie in Frameworks */,
			);
			runOnlyForDeploymentPostprocessing = 0;
		};
		4ED9F0EB2A625982003CB06E /* Frameworks */ = {
			isa = PBXFrameworksBuildPhase;
			buildActionMask = 2147483647;
			files = (
			);
			runOnlyForDeploymentPostprocessing = 0;
		};
		4ED9F0F52A625982003CB06E /* Frameworks */ = {
			isa = PBXFrameworksBuildPhase;
			buildActionMask = 2147483647;
			files = (
			);
			runOnlyForDeploymentPostprocessing = 0;
		};
/* End PBXFrameworksBuildPhase section */

/* Begin PBXGroup section */
		4E432DB52A7F5B2E00996D2F /* RequestModel */ = {
			isa = PBXGroup;
			children = (
				4E432DB72A7F5B6E00996D2F /* PhoneAndOTpModelRequest.swift */,
			);
			path = RequestModel;
			sourceTree = "<group>";
		};
		4E432DB62A7F5B4200996D2F /* ResponseModel */ = {
			isa = PBXGroup;
			children = (
				4E5AA3662A7CCB3C00E7AF25 /* SendOTPModelResponse.swift */,
				4E5AA3682A7CCF4700E7AF25 /* ValidateOTPModelResponse.swift */,
			);
			path = ResponseModel;
			sourceTree = "<group>";
		};
		4E4B11502A6676AF00069313 /* SharedPreferences */ = {
			isa = PBXGroup;
			children = (
				4E4B11512A6676F500069313 /* SharedPreferences.swift */,
				4E5AA35A2A7CBDDA00E7AF25 /* SavePreferencesData.swift */,
				4E5AA35C2A7CBE2000E7AF25 /* GetPreferencesData.swift */,
				4E5AA35E2A7CBE7100E7AF25 /* CheckPreferenceData.swift */,
			);
			path = SharedPreferences;
			sourceTree = "<group>";
		};
		4E4B11532A66868900069313 /* Products */ = {
			isa = PBXGroup;
			children = (
				4E4B115A2A66969100069313 /* model */,
				4E4B11592A66968500069313 /* viewmodel */,
				4E4B11582A66964900069313 /* view */,
			);
			path = Products;
			sourceTree = "<group>";
		};
		4E4B11582A66964900069313 /* view */ = {
			isa = PBXGroup;
			children = (
			);
			path = view;
			sourceTree = "<group>";
		};
		4E4B11592A66968500069313 /* viewmodel */ = {
			isa = PBXGroup;
			children = (
				4E4B115B2A6696C600069313 /* ViewModelCus.swift */,
			);
			path = viewmodel;
			sourceTree = "<group>";
		};
		4E4B115A2A66969100069313 /* model */ = {
			isa = PBXGroup;
			children = (
				4ED62B622A7668B800142E6F /* AddProducts.swift */,
				4E4B11542A668B8F00069313 /* Product.swift */,
			);
			path = model;
			sourceTree = "<group>";
		};
		4E559CC82A76C5B200400A8B /* ViewModel */ = {
			isa = PBXGroup;
			children = (
				4E559CCB2A76C61400400A8B /* CommonMasterViewModel.swift */,
			);
			path = ViewModel;
			sourceTree = "<group>";
		};
		4E559CC92A76C5D600400A8B /* Model */ = {
			isa = PBXGroup;
			children = (
				4E559CCE2A76D85F00400A8B /* HeightModel.swift */,
				4E2F64F42A7B7D8B001768A3 /* InterestsModel.swift */,
				4E2F64F62A7B7D9A001768A3 /* OccupationModel.swift */,
				4E2F64F82A7B7DAF001768A3 /* ReligionModel.swift */,
				4E2F64FA2A7B7DC4001768A3 /* CommunityModel.swift */,
				4E2F64FC2A7B7E2E001768A3 /* EducationModel.swift */,
				4E2F64FE2A7B7E79001768A3 /* CityModel.swift */,
				4E2F65002A7B7E95001768A3 /* SettleDownInModel.swift */,
				4E2F65022A7B7EF5001768A3 /* MotherTongueModel.swift */,
				4E2F65042A7B7F2A001768A3 /* IncomeRangeModel.swift */,
			);
			path = Model;
			sourceTree = "<group>";
		};
		4E559CCA2A76C5E000400A8B /* View */ = {
			isa = PBXGroup;
			children = (
				4ED9F0E12A62597E003CB06E /* WedNicelyApp.swift */,
			);
			path = View;
			sourceTree = "<group>";
		};
		4E5AA3602A7CC4A300E7AF25 /* View */ = {
			isa = PBXGroup;
			children = (
				4E73F0CF2A6512550024759D /* LoginScreen.swift */,
				4E73F0D22A6512780024759D /* VerificationScreen.swift */,
			);
			path = View;
			sourceTree = "<group>";
		};
		4E5AA3612A7CC6AC00E7AF25 /* Model */ = {
			isa = PBXGroup;
			children = (
				4E432DB62A7F5B4200996D2F /* ResponseModel */,
				4E432DB52A7F5B2E00996D2F /* RequestModel */,
			);
			path = Model;
			sourceTree = "<group>";
		};
		4E5AA3622A7CC6C700E7AF25 /* ViewModel */ = {
			isa = PBXGroup;
			children = (
				4E5AA36A2A7CD14E00E7AF25 /* AuthViewModel.swift */,
			);
			path = ViewModel;
			sourceTree = "<group>";
		};
		4E5AA3632A7CC77600E7AF25 /* Api */ = {
			isa = PBXGroup;
			children = (
				4E5AA3642A7CC79800E7AF25 /* AuthUrls.swift */,
			);
			path = Api;
			sourceTree = "<group>";
		};
		4E73F0BD2A643BCD0024759D /* SplashScreen */ = {
			isa = PBXGroup;
			children = (
				4ED9F10B2A625F29003CB06E /* SplashScreenView.swift */,
			);
			path = SplashScreen;
			sourceTree = "<group>";
		};
		4E73F0BE2A643C100024759D /* Resources */ = {
			isa = PBXGroup;
			children = (
				4ED9F0E52A625982003CB06E /* Assets.xcassets */,
			);
			path = Resources;
			sourceTree = "<group>";
		};
		4E73F0BF2A643C570024759D /* Constants */ = {
			isa = PBXGroup;
			children = (
				4E73F0CC2A64FD740024759D /* Strings.swift */,
				4E42E1262A6538CF0003D6DD /* ColorsConstants.swift */,
				4EAA215F2A67FE2F001D0D1F /* Dimentions.swift */,
			);
			path = Constants;
			sourceTree = "<group>";
		};
		4E73F0C02A643C700024759D /* Extensions */ = {
			isa = PBXGroup;
			children = (
				4E42E1282A653A5C0003D6DD /* HexColorExtention.swift */,
				4E4B114E2A66601600069313 /* KeyBoardExtentions.swift */,
				4EAA21592A67E71D001D0D1F /* CornerRadius.swift */,
			);
			path = Extensions;
			sourceTree = "<group>";
		};
		4E73F0C12A643C9E0024759D /* APIManager */ = {
			isa = PBXGroup;
			children = (
				4ED62B5F2A764E2200142E6F /* HttpMethods.swift */,
				4E4B11562A668C8B00069313 /* ApiManager.swift */,
				4EA8A6742A7928B600A565EB /* EndpointItems.swift */,
			);
			path = APIManager;
			sourceTree = "<group>";
		};
		4E73F0C22A643CBF0024759D /* Screens */ = {
			isa = PBXGroup;
			children = (
				4E73F0BD2A643BCD0024759D /* SplashScreen */,
				4E73F0C32A643CFA0024759D /* GetStartedScreen */,
				4E73F0CE2A6512250024759D /* LoginScreens */,
				4E73F0C42A643D350024759D /* RegistrationScreen */,
				4E4B11532A66868900069313 /* Products */,
			);
			path = Screens;
			sourceTree = "<group>";
		};
		4E73F0C32A643CFA0024759D /* GetStartedScreen */ = {
			isa = PBXGroup;
			children = (
				4E73F0CA2A6458400024759D /* GetStartedScreen.swift */,
			);
			path = GetStartedScreen;
			sourceTree = "<group>";
		};
		4E73F0C42A643D350024759D /* RegistrationScreen */ = {
			isa = PBXGroup;
			children = (
				4E87C77C2A692784002B8CC8 /* RegistrationPagesEnum.swift */,
				4E73F0C82A6454AB0024759D /* UserOnBoardingScreen.swift */,
				4E87C7712A6855BF002B8CC8 /* FirstAndLastNameScreen1.swift */,
				4E432DBB2A7F860D00996D2F /* GenderScreen2.swift */,
			);
			path = RegistrationScreen;
			sourceTree = "<group>";
		};
		4E73F0C72A6453F80024759D /* Applicattion */ = {
			isa = PBXGroup;
			children = (
				4EA8A6722A7923F400A565EB /* Api */,
				4E559CCA2A76C5E000400A8B /* View */,
				4E559CC92A76C5D600400A8B /* Model */,
				4E559CC82A76C5B200400A8B /* ViewModel */,
			);
			path = Applicattion;
			sourceTree = "<group>";
		};
		4E73F0CE2A6512250024759D /* LoginScreens */ = {
			isa = PBXGroup;
			children = (
				4E5AA3632A7CC77600E7AF25 /* Api */,
				4E5AA3622A7CC6C700E7AF25 /* ViewModel */,
				4E5AA3612A7CC6AC00E7AF25 /* Model */,
				4E5AA3602A7CC4A300E7AF25 /* View */,
			);
			path = LoginScreens;
			sourceTree = "<group>";
		};
		4E73F0D42A651C690024759D /* ReuseableComponents */ = {
			isa = PBXGroup;
			children = (
				4E73F0D52A651CD00024759D /* PurpleGradentColorButton.swift */,
				4E42E12A2A653BFF0003D6DD /* RedGradientColorButton.swift */,
				4E42E12E2A6544670003D6DD /* CustomTextFieldForAll.swift */,
				4EAA215D2A67EE68001D0D1F /* OTPTextField.swift */,
				4E87C76B2A680E39002B8CC8 /* CoustomResendButton.swift */,
				4E87C76D2A681838002B8CC8 /* CustomProgressBar.swift */,
				4E87C7732A685CE0002B8CC8 /* CustomTextFieldForFirstNameAndLastName.swift */,
				4E87C7762A686415002B8CC8 /* NextButtonActive.swift */,
				4E87C7782A686433002B8CC8 /* NextButtonInActive.swift */,
				4E432DBF2A7FA46F00996D2F /* ChipGroups.swift */,
			);
			path = ReuseableComponents;
			sourceTree = "<group>";
		};
		4E7643062A7AD4BE0014BDC8 /* BaseUrl */ = {
			isa = PBXGroup;
			children = (
				4E7643072A7AD4D40014BDC8 /* BaseUrl.swift */,
			);
			path = BaseUrl;
			sourceTree = "<group>";
		};
		4EA8A6722A7923F400A565EB /* Api */ = {
			isa = PBXGroup;
			children = (
				4EA8A6702A7923EB00A565EB /* apiUrls.swift */,
			);
			path = Api;
			sourceTree = "<group>";
		};
		4ED9F0D52A62597E003CB06E = {
			isa = PBXGroup;
			children = (
				4ED9F0E02A62597E003CB06E /* WedNicely */,
				4ED9F0F12A625982003CB06E /* WedNicelyTests */,
				4ED9F0FB2A625982003CB06E /* WedNicelyUITests */,
				4ED9F0DF2A62597E003CB06E /* Products */,
			);
			sourceTree = "<group>";
		};
		4ED9F0DF2A62597E003CB06E /* Products */ = {
			isa = PBXGroup;
			children = (
				4ED9F0DE2A62597E003CB06E /* WedNicely.app */,
				4ED9F0EE2A625982003CB06E /* WedNicelyTests.xctest */,
				4ED9F0F82A625982003CB06E /* WedNicelyUITests.xctest */,
			);
			name = Products;
			sourceTree = "<group>";
		};
		4ED9F0E02A62597E003CB06E /* WedNicely */ = {
			isa = PBXGroup;
			children = (
				4E7643062A7AD4BE0014BDC8 /* BaseUrl */,
				4E4B11502A6676AF00069313 /* SharedPreferences */,
				4E73F0D42A651C690024759D /* ReuseableComponents */,
				4E73F0C72A6453F80024759D /* Applicattion */,
				4E73F0BF2A643C570024759D /* Constants */,
				4E73F0C02A643C700024759D /* Extensions */,
				4E73F0C12A643C9E0024759D /* APIManager */,
				4E73F0C22A643CBF0024759D /* Screens */,
				4E73F0BE2A643C100024759D /* Resources */,
				4ED9F0E72A625982003CB06E /* Preview Content */,
			);
			path = WedNicely;
			sourceTree = "<group>";
		};
		4ED9F0E72A625982003CB06E /* Preview Content */ = {
			isa = PBXGroup;
			children = (
				4ED9F0E82A625982003CB06E /* Preview Assets.xcassets */,
			);
			path = "Preview Content";
			sourceTree = "<group>";
		};
		4ED9F0F12A625982003CB06E /* WedNicelyTests */ = {
			isa = PBXGroup;
			children = (
				4ED9F0F22A625982003CB06E /* WedNicelyTests.swift */,
			);
			path = WedNicelyTests;
			sourceTree = "<group>";
		};
		4ED9F0FB2A625982003CB06E /* WedNicelyUITests */ = {
			isa = PBXGroup;
			children = (
				4ED9F0FC2A625982003CB06E /* WedNicelyUITests.swift */,
				4ED9F0FE2A625982003CB06E /* WedNicelyUITestsLaunchTests.swift */,
			);
			path = WedNicelyUITests;
			sourceTree = "<group>";
		};
/* End PBXGroup section */

/* Begin PBXNativeTarget section */
		4ED9F0DD2A62597E003CB06E /* WedNicely */ = {
			isa = PBXNativeTarget;
			buildConfigurationList = 4ED9F1022A625982003CB06E /* Build configuration list for PBXNativeTarget "WedNicely" */;
			buildPhases = (
				4ED9F0DA2A62597E003CB06E /* Sources */,
				4ED9F0DB2A62597E003CB06E /* Frameworks */,
				4ED9F0DC2A62597E003CB06E /* Resources */,
			);
			buildRules = (
			);
			dependencies = (
			);
			name = WedNicely;
			packageProductDependencies = (
				4ED9F10E2A62A0BC003CB06E /* Lottie */,
			);
			productName = WedNicely;
			productReference = 4ED9F0DE2A62597E003CB06E /* WedNicely.app */;
			productType = "com.apple.product-type.application";
		};
		4ED9F0ED2A625982003CB06E /* WedNicelyTests */ = {
			isa = PBXNativeTarget;
			buildConfigurationList = 4ED9F1052A625982003CB06E /* Build configuration list for PBXNativeTarget "WedNicelyTests" */;
			buildPhases = (
				4ED9F0EA2A625982003CB06E /* Sources */,
				4ED9F0EB2A625982003CB06E /* Frameworks */,
				4ED9F0EC2A625982003CB06E /* Resources */,
			);
			buildRules = (
			);
			dependencies = (
				4ED9F0F02A625982003CB06E /* PBXTargetDependency */,
			);
			name = WedNicelyTests;
			productName = WedNicelyTests;
			productReference = 4ED9F0EE2A625982003CB06E /* WedNicelyTests.xctest */;
			productType = "com.apple.product-type.bundle.unit-test";
		};
		4ED9F0F72A625982003CB06E /* WedNicelyUITests */ = {
			isa = PBXNativeTarget;
			buildConfigurationList = 4ED9F1082A625982003CB06E /* Build configuration list for PBXNativeTarget "WedNicelyUITests" */;
			buildPhases = (
				4ED9F0F42A625982003CB06E /* Sources */,
				4ED9F0F52A625982003CB06E /* Frameworks */,
				4ED9F0F62A625982003CB06E /* Resources */,
			);
			buildRules = (
			);
			dependencies = (
				4ED9F0FA2A625982003CB06E /* PBXTargetDependency */,
			);
			name = WedNicelyUITests;
			productName = WedNicelyUITests;
			productReference = 4ED9F0F82A625982003CB06E /* WedNicelyUITests.xctest */;
			productType = "com.apple.product-type.bundle.ui-testing";
		};
/* End PBXNativeTarget section */

/* Begin PBXProject section */
		4ED9F0D62A62597E003CB06E /* Project object */ = {
			isa = PBXProject;
			attributes = {
				BuildIndependentTargetsInParallel = 1;
				LastSwiftUpdateCheck = 1430;
				LastUpgradeCheck = 1430;
				TargetAttributes = {
					4ED9F0DD2A62597E003CB06E = {
						CreatedOnToolsVersion = 14.3.1;
					};
					4ED9F0ED2A625982003CB06E = {
						CreatedOnToolsVersion = 14.3.1;
						TestTargetID = 4ED9F0DD2A62597E003CB06E;
					};
					4ED9F0F72A625982003CB06E = {
						CreatedOnToolsVersion = 14.3.1;
						TestTargetID = 4ED9F0DD2A62597E003CB06E;
					};
				};
			};
			buildConfigurationList = 4ED9F0D92A62597E003CB06E /* Build configuration list for PBXProject "WedNicely" */;
			compatibilityVersion = "Xcode 14.0";
			developmentRegion = en;
			hasScannedForEncodings = 0;
			knownRegions = (
				en,
				Base,
			);
			mainGroup = 4ED9F0D52A62597E003CB06E;
			packageReferences = (
				4ED9F10D2A62A0BB003CB06E /* XCRemoteSwiftPackageReference "lottie-ios" */,
			);
			productRefGroup = 4ED9F0DF2A62597E003CB06E /* Products */;
			projectDirPath = "";
			projectRoot = "";
			targets = (
				4ED9F0DD2A62597E003CB06E /* WedNicely */,
				4ED9F0ED2A625982003CB06E /* WedNicelyTests */,
				4ED9F0F72A625982003CB06E /* WedNicelyUITests */,
			);
		};
/* End PBXProject section */

/* Begin PBXResourcesBuildPhase section */
		4ED9F0DC2A62597E003CB06E /* Resources */ = {
			isa = PBXResourcesBuildPhase;
			buildActionMask = 2147483647;
			files = (
				4ED9F0E92A625982003CB06E /* Preview Assets.xcassets in Resources */,
				4ED9F0E62A625982003CB06E /* Assets.xcassets in Resources */,
			);
			runOnlyForDeploymentPostprocessing = 0;
		};
		4ED9F0EC2A625982003CB06E /* Resources */ = {
			isa = PBXResourcesBuildPhase;
			buildActionMask = 2147483647;
			files = (
			);
			runOnlyForDeploymentPostprocessing = 0;
		};
		4ED9F0F62A625982003CB06E /* Resources */ = {
			isa = PBXResourcesBuildPhase;
			buildActionMask = 2147483647;
			files = (
			);
			runOnlyForDeploymentPostprocessing = 0;
		};
/* End PBXResourcesBuildPhase section */

/* Begin PBXSourcesBuildPhase section */
		4ED9F0DA2A62597E003CB06E /* Sources */ = {
			isa = PBXSourcesBuildPhase;
			buildActionMask = 2147483647;
			files = (
				4E5AA35D2A7CBE2000E7AF25 /* GetPreferencesData.swift in Sources */,
				4E42E12F2A6544670003D6DD /* CustomTextFieldForAll.swift in Sources */,
				4E4B11522A6676F500069313 /* SharedPreferences.swift in Sources */,
				4E87C77D2A692784002B8CC8 /* RegistrationPagesEnum.swift in Sources */,
				4E87C76E2A681838002B8CC8 /* CustomProgressBar.swift in Sources */,
				4E432DBC2A7F860D00996D2F /* GenderScreen2.swift in Sources */,
				4E432DB82A7F5B6E00996D2F /* PhoneAndOTpModelRequest.swift in Sources */,
				4E42E1292A653A5C0003D6DD /* HexColorExtention.swift in Sources */,
				4E2F64F52A7B7D8B001768A3 /* InterestsModel.swift in Sources */,
				4E2F64F72A7B7D9A001768A3 /* OccupationModel.swift in Sources */,
				4E42E1272A6538CF0003D6DD /* ColorsConstants.swift in Sources */,
				4E87C7742A685CE0002B8CC8 /* CustomTextFieldForFirstNameAndLastName.swift in Sources */,
				4E42E12B2A653BFF0003D6DD /* RedGradientColorButton.swift in Sources */,
				4E2F64F92A7B7DAF001768A3 /* ReligionModel.swift in Sources */,
				4ED9F0E22A62597E003CB06E /* WedNicelyApp.swift in Sources */,
				4ED62B602A764E2200142E6F /* HttpMethods.swift in Sources */,
				4E87C76C2A680E39002B8CC8 /* CoustomResendButton.swift in Sources */,
				4E5AA35B2A7CBDDA00E7AF25 /* SavePreferencesData.swift in Sources */,
				4E73F0CB2A6458400024759D /* GetStartedScreen.swift in Sources */,
				4E5AA35F2A7CBE7100E7AF25 /* CheckPreferenceData.swift in Sources */,
				4E4B114F2A66601600069313 /* KeyBoardExtentions.swift in Sources */,
				4EAA215E2A67EE68001D0D1F /* OTPTextField.swift in Sources */,
				4E5AA36B2A7CD14E00E7AF25 /* AuthViewModel.swift in Sources */,
				4E4B11552A668B8F00069313 /* Product.swift in Sources */,
				4ED9F10C2A625F29003CB06E /* SplashScreenView.swift in Sources */,
				4E2F64FB2A7B7DC4001768A3 /* CommunityModel.swift in Sources */,
				4E2F64FF2A7B7E79001768A3 /* CityModel.swift in Sources */,
				4E2F65052A7B7F2A001768A3 /* IncomeRangeModel.swift in Sources */,
				4E5AA3652A7CC79800E7AF25 /* AuthUrls.swift in Sources */,
				4EAA21602A67FE2F001D0D1F /* Dimentions.swift in Sources */,
				4E5AA3672A7CCB3C00E7AF25 /* SendOTPModelResponse.swift in Sources */,
				4E73F0D62A651CD00024759D /* PurpleGradentColorButton.swift in Sources */,
				4E2F64FD2A7B7E2E001768A3 /* EducationModel.swift in Sources */,
				4E7643082A7AD4D40014BDC8 /* BaseUrl.swift in Sources */,
				4E73F0D02A6512550024759D /* LoginScreen.swift in Sources */,
				4E2F65012A7B7E95001768A3 /* SettleDownInModel.swift in Sources */,
				4E87C7772A686415002B8CC8 /* NextButtonActive.swift in Sources */,
				4E87C7722A6855BF002B8CC8 /* FirstAndLastNameScreen1.swift in Sources */,
				4E73F0CD2A64FD740024759D /* Strings.swift in Sources */,
				4E5AA3692A7CCF4700E7AF25 /* ValidateOTPModelResponse.swift in Sources */,
				4E2F65032A7B7EF5001768A3 /* MotherTongueModel.swift in Sources */,
				4E559CCC2A76C61400400A8B /* CommonMasterViewModel.swift in Sources */,
				4E559CCF2A76D85F00400A8B /* HeightModel.swift in Sources */,
				4E4B115C2A6696C600069313 /* ViewModelCus.swift in Sources */,
				4E4B11572A668C8B00069313 /* ApiManager.swift in Sources */,
				4E73F0D32A6512780024759D /* VerificationScreen.swift in Sources */,
				4E432DC02A7FA46F00996D2F /* ChipGroups.swift in Sources */,
				4E73F0C92A6454AB0024759D /* UserOnBoardingScreen.swift in Sources */,
				4EA8A6752A7928B600A565EB /* EndpointItems.swift in Sources */,
				4ED62B632A7668B800142E6F /* AddProducts.swift in Sources */,
				4EA8A6712A7923EC00A565EB /* apiUrls.swift in Sources */,
				4EAA215A2A67E71D001D0D1F /* CornerRadius.swift in Sources */,
				4E87C7792A686433002B8CC8 /* NextButtonInActive.swift in Sources */,
			);
			runOnlyForDeploymentPostprocessing = 0;
		};
		4ED9F0EA2A625982003CB06E /* Sources */ = {
			isa = PBXSourcesBuildPhase;
			buildActionMask = 2147483647;
			files = (
				4ED9F0F32A625982003CB06E /* WedNicelyTests.swift in Sources */,
			);
			runOnlyForDeploymentPostprocessing = 0;
		};
		4ED9F0F42A625982003CB06E /* Sources */ = {
			isa = PBXSourcesBuildPhase;
			buildActionMask = 2147483647;
			files = (
				4ED9F0FD2A625982003CB06E /* WedNicelyUITests.swift in Sources */,
				4ED9F0FF2A625982003CB06E /* WedNicelyUITestsLaunchTests.swift in Sources */,
			);
			runOnlyForDeploymentPostprocessing = 0;
		};
/* End PBXSourcesBuildPhase section */

/* Begin PBXTargetDependency section */
		4ED9F0F02A625982003CB06E /* PBXTargetDependency */ = {
			isa = PBXTargetDependency;
			target = 4ED9F0DD2A62597E003CB06E /* WedNicely */;
			targetProxy = 4ED9F0EF2A625982003CB06E /* PBXContainerItemProxy */;
		};
		4ED9F0FA2A625982003CB06E /* PBXTargetDependency */ = {
			isa = PBXTargetDependency;
			target = 4ED9F0DD2A62597E003CB06E /* WedNicely */;
			targetProxy = 4ED9F0F92A625982003CB06E /* PBXContainerItemProxy */;
		};
/* End PBXTargetDependency section */

/* Begin XCBuildConfiguration section */
		4ED9F1002A625982003CB06E /* Debug */ = {
			isa = XCBuildConfiguration;
			buildSettings = {
				ALWAYS_SEARCH_USER_PATHS = NO;
				CLANG_ANALYZER_NONNULL = YES;
				CLANG_ANALYZER_NUMBER_OBJECT_CONVERSION = YES_AGGRESSIVE;
				CLANG_CXX_LANGUAGE_STANDARD = "gnu++20";
				CLANG_ENABLE_MODULES = YES;
				CLANG_ENABLE_OBJC_ARC = YES;
				CLANG_ENABLE_OBJC_WEAK = YES;
				CLANG_WARN_BLOCK_CAPTURE_AUTORELEASING = YES;
				CLANG_WARN_BOOL_CONVERSION = YES;
				CLANG_WARN_COMMA = YES;
				CLANG_WARN_CONSTANT_CONVERSION = YES;
				CLANG_WARN_DEPRECATED_OBJC_IMPLEMENTATIONS = YES;
				CLANG_WARN_DIRECT_OBJC_ISA_USAGE = YES_ERROR;
				CLANG_WARN_DOCUMENTATION_COMMENTS = YES;
				CLANG_WARN_EMPTY_BODY = YES;
				CLANG_WARN_ENUM_CONVERSION = YES;
				CLANG_WARN_INFINITE_RECURSION = YES;
				CLANG_WARN_INT_CONVERSION = YES;
				CLANG_WARN_NON_LITERAL_NULL_CONVERSION = YES;
				CLANG_WARN_OBJC_IMPLICIT_RETAIN_SELF = YES;
				CLANG_WARN_OBJC_LITERAL_CONVERSION = YES;
				CLANG_WARN_OBJC_ROOT_CLASS = YES_ERROR;
				CLANG_WARN_QUOTED_INCLUDE_IN_FRAMEWORK_HEADER = YES;
				CLANG_WARN_RANGE_LOOP_ANALYSIS = YES;
				CLANG_WARN_STRICT_PROTOTYPES = YES;
				CLANG_WARN_SUSPICIOUS_MOVE = YES;
				CLANG_WARN_UNGUARDED_AVAILABILITY = YES_AGGRESSIVE;
				CLANG_WARN_UNREACHABLE_CODE = YES;
				CLANG_WARN__DUPLICATE_METHOD_MATCH = YES;
				COPY_PHASE_STRIP = NO;
				DEBUG_INFORMATION_FORMAT = dwarf;
				ENABLE_STRICT_OBJC_MSGSEND = YES;
				ENABLE_TESTABILITY = YES;
				GCC_C_LANGUAGE_STANDARD = gnu11;
				GCC_DYNAMIC_NO_PIC = NO;
				GCC_NO_COMMON_BLOCKS = YES;
				GCC_OPTIMIZATION_LEVEL = 0;
				GCC_PREPROCESSOR_DEFINITIONS = (
					"DEBUG=1",
					"$(inherited)",
				);
				GCC_WARN_64_TO_32_BIT_CONVERSION = YES;
				GCC_WARN_ABOUT_RETURN_TYPE = YES_ERROR;
				GCC_WARN_UNDECLARED_SELECTOR = YES;
				GCC_WARN_UNINITIALIZED_AUTOS = YES_AGGRESSIVE;
				GCC_WARN_UNUSED_FUNCTION = YES;
				GCC_WARN_UNUSED_VARIABLE = YES;
				IPHONEOS_DEPLOYMENT_TARGET = 16.4;
				MTL_ENABLE_DEBUG_INFO = INCLUDE_SOURCE;
				MTL_FAST_MATH = YES;
				ONLY_ACTIVE_ARCH = YES;
				SDKROOT = iphoneos;
				SWIFT_ACTIVE_COMPILATION_CONDITIONS = DEBUG;
				SWIFT_OPTIMIZATION_LEVEL = "-Onone";
			};
			name = Debug;
		};
		4ED9F1012A625982003CB06E /* Release */ = {
			isa = XCBuildConfiguration;
			buildSettings = {
				ALWAYS_SEARCH_USER_PATHS = NO;
				CLANG_ANALYZER_NONNULL = YES;
				CLANG_ANALYZER_NUMBER_OBJECT_CONVERSION = YES_AGGRESSIVE;
				CLANG_CXX_LANGUAGE_STANDARD = "gnu++20";
				CLANG_ENABLE_MODULES = YES;
				CLANG_ENABLE_OBJC_ARC = YES;
				CLANG_ENABLE_OBJC_WEAK = YES;
				CLANG_WARN_BLOCK_CAPTURE_AUTORELEASING = YES;
				CLANG_WARN_BOOL_CONVERSION = YES;
				CLANG_WARN_COMMA = YES;
				CLANG_WARN_CONSTANT_CONVERSION = YES;
				CLANG_WARN_DEPRECATED_OBJC_IMPLEMENTATIONS = YES;
				CLANG_WARN_DIRECT_OBJC_ISA_USAGE = YES_ERROR;
				CLANG_WARN_DOCUMENTATION_COMMENTS = YES;
				CLANG_WARN_EMPTY_BODY = YES;
				CLANG_WARN_ENUM_CONVERSION = YES;
				CLANG_WARN_INFINITE_RECURSION = YES;
				CLANG_WARN_INT_CONVERSION = YES;
				CLANG_WARN_NON_LITERAL_NULL_CONVERSION = YES;
				CLANG_WARN_OBJC_IMPLICIT_RETAIN_SELF = YES;
				CLANG_WARN_OBJC_LITERAL_CONVERSION = YES;
				CLANG_WARN_OBJC_ROOT_CLASS = YES_ERROR;
				CLANG_WARN_QUOTED_INCLUDE_IN_FRAMEWORK_HEADER = YES;
				CLANG_WARN_RANGE_LOOP_ANALYSIS = YES;
				CLANG_WARN_STRICT_PROTOTYPES = YES;
				CLANG_WARN_SUSPICIOUS_MOVE = YES;
				CLANG_WARN_UNGUARDED_AVAILABILITY = YES_AGGRESSIVE;
				CLANG_WARN_UNREACHABLE_CODE = YES;
				CLANG_WARN__DUPLICATE_METHOD_MATCH = YES;
				COPY_PHASE_STRIP = NO;
				DEBUG_INFORMATION_FORMAT = "dwarf-with-dsym";
				ENABLE_NS_ASSERTIONS = NO;
				ENABLE_STRICT_OBJC_MSGSEND = YES;
				GCC_C_LANGUAGE_STANDARD = gnu11;
				GCC_NO_COMMON_BLOCKS = YES;
				GCC_WARN_64_TO_32_BIT_CONVERSION = YES;
				GCC_WARN_ABOUT_RETURN_TYPE = YES_ERROR;
				GCC_WARN_UNDECLARED_SELECTOR = YES;
				GCC_WARN_UNINITIALIZED_AUTOS = YES_AGGRESSIVE;
				GCC_WARN_UNUSED_FUNCTION = YES;
				GCC_WARN_UNUSED_VARIABLE = YES;
				IPHONEOS_DEPLOYMENT_TARGET = 16.4;
				MTL_ENABLE_DEBUG_INFO = NO;
				MTL_FAST_MATH = YES;
				SDKROOT = iphoneos;
				SWIFT_COMPILATION_MODE = wholemodule;
				SWIFT_OPTIMIZATION_LEVEL = "-O";
				VALIDATE_PRODUCT = YES;
			};
			name = Release;
		};
		4ED9F1032A625982003CB06E /* Debug */ = {
			isa = XCBuildConfiguration;
			buildSettings = {
				ASSETCATALOG_COMPILER_APPICON_NAME = AppIcon;
				ASSETCATALOG_COMPILER_GLOBAL_ACCENT_COLOR_NAME = AccentColor;
				CODE_SIGN_STYLE = Automatic;
				CURRENT_PROJECT_VERSION = 1;
				DEVELOPMENT_ASSET_PATHS = "\"WedNicely/Preview Content\"";
				DEVELOPMENT_TEAM = 26YPALXYP2;
				ENABLE_PREVIEWS = YES;
				GENERATE_INFOPLIST_FILE = YES;
				INFOPLIST_KEY_UIApplicationSceneManifest_Generation = YES;
				INFOPLIST_KEY_UIApplicationSupportsIndirectInputEvents = YES;
				INFOPLIST_KEY_UILaunchScreen_Generation = YES;
				INFOPLIST_KEY_UISupportedInterfaceOrientations_iPad = "UIInterfaceOrientationPortrait UIInterfaceOrientationPortraitUpsideDown UIInterfaceOrientationLandscapeLeft UIInterfaceOrientationLandscapeRight";
				INFOPLIST_KEY_UISupportedInterfaceOrientations_iPhone = "UIInterfaceOrientationPortrait UIInterfaceOrientationLandscapeLeft UIInterfaceOrientationLandscapeRight";
				IPHONEOS_DEPLOYMENT_TARGET = 15.4;
				LD_RUNPATH_SEARCH_PATHS = (
					"$(inherited)",
					"@executable_path/Frameworks",
				);
				MARKETING_VERSION = 1.0;
				PRODUCT_BUNDLE_IDENTIFIER = team.vijay.WedNicely;
				PRODUCT_NAME = "$(TARGET_NAME)";
				SWIFT_EMIT_LOC_STRINGS = YES;
				SWIFT_VERSION = 5.0;
				TARGETED_DEVICE_FAMILY = "1,2";
			};
			name = Debug;
		};
		4ED9F1042A625982003CB06E /* Release */ = {
			isa = XCBuildConfiguration;
			buildSettings = {
				ASSETCATALOG_COMPILER_APPICON_NAME = AppIcon;
				ASSETCATALOG_COMPILER_GLOBAL_ACCENT_COLOR_NAME = AccentColor;
				CODE_SIGN_STYLE = Automatic;
				CURRENT_PROJECT_VERSION = 1;
				DEVELOPMENT_ASSET_PATHS = "\"WedNicely/Preview Content\"";
				DEVELOPMENT_TEAM = 26YPALXYP2;
				ENABLE_PREVIEWS = YES;
				GENERATE_INFOPLIST_FILE = YES;
				INFOPLIST_KEY_UIApplicationSceneManifest_Generation = YES;
				INFOPLIST_KEY_UIApplicationSupportsIndirectInputEvents = YES;
				INFOPLIST_KEY_UILaunchScreen_Generation = YES;
				INFOPLIST_KEY_UISupportedInterfaceOrientations_iPad = "UIInterfaceOrientationPortrait UIInterfaceOrientationPortraitUpsideDown UIInterfaceOrientationLandscapeLeft UIInterfaceOrientationLandscapeRight";
				INFOPLIST_KEY_UISupportedInterfaceOrientations_iPhone = "UIInterfaceOrientationPortrait UIInterfaceOrientationLandscapeLeft UIInterfaceOrientationLandscapeRight";
				IPHONEOS_DEPLOYMENT_TARGET = 15.4;
				LD_RUNPATH_SEARCH_PATHS = (
					"$(inherited)",
					"@executable_path/Frameworks",
				);
				MARKETING_VERSION = 1.0;
				PRODUCT_BUNDLE_IDENTIFIER = team.vijay.WedNicely;
				PRODUCT_NAME = "$(TARGET_NAME)";
				SWIFT_EMIT_LOC_STRINGS = YES;
				SWIFT_VERSION = 5.0;
				TARGETED_DEVICE_FAMILY = "1,2";
			};
			name = Release;
		};
		4ED9F1062A625982003CB06E /* Debug */ = {
			isa = XCBuildConfiguration;
			buildSettings = {
				ALWAYS_EMBED_SWIFT_STANDARD_LIBRARIES = YES;
				BUNDLE_LOADER = "$(TEST_HOST)";
				CODE_SIGN_STYLE = Automatic;
				CURRENT_PROJECT_VERSION = 1;
				GENERATE_INFOPLIST_FILE = YES;
				IPHONEOS_DEPLOYMENT_TARGET = 16.4;
				MARKETING_VERSION = 1.0;
				PRODUCT_BUNDLE_IDENTIFIER = team.vijay.WedNicelyTests;
				PRODUCT_NAME = "$(TARGET_NAME)";
				SWIFT_EMIT_LOC_STRINGS = NO;
				SWIFT_VERSION = 5.0;
				TARGETED_DEVICE_FAMILY = "1,2";
				TEST_HOST = "$(BUILT_PRODUCTS_DIR)/WedNicely.app/$(BUNDLE_EXECUTABLE_FOLDER_PATH)/WedNicely";
			};
			name = Debug;
		};
		4ED9F1072A625982003CB06E /* Release */ = {
			isa = XCBuildConfiguration;
			buildSettings = {
				ALWAYS_EMBED_SWIFT_STANDARD_LIBRARIES = YES;
				BUNDLE_LOADER = "$(TEST_HOST)";
				CODE_SIGN_STYLE = Automatic;
				CURRENT_PROJECT_VERSION = 1;
				GENERATE_INFOPLIST_FILE = YES;
				IPHONEOS_DEPLOYMENT_TARGET = 16.4;
				MARKETING_VERSION = 1.0;
				PRODUCT_BUNDLE_IDENTIFIER = team.vijay.WedNicelyTests;
				PRODUCT_NAME = "$(TARGET_NAME)";
				SWIFT_EMIT_LOC_STRINGS = NO;
				SWIFT_VERSION = 5.0;
				TARGETED_DEVICE_FAMILY = "1,2";
				TEST_HOST = "$(BUILT_PRODUCTS_DIR)/WedNicely.app/$(BUNDLE_EXECUTABLE_FOLDER_PATH)/WedNicely";
			};
			name = Release;
		};
		4ED9F1092A625982003CB06E /* Debug */ = {
			isa = XCBuildConfiguration;
			buildSettings = {
				ALWAYS_EMBED_SWIFT_STANDARD_LIBRARIES = YES;
				CODE_SIGN_STYLE = Automatic;
				CURRENT_PROJECT_VERSION = 1;
				GENERATE_INFOPLIST_FILE = YES;
				MARKETING_VERSION = 1.0;
				PRODUCT_BUNDLE_IDENTIFIER = team.vijay.WedNicelyUITests;
				PRODUCT_NAME = "$(TARGET_NAME)";
				SWIFT_EMIT_LOC_STRINGS = NO;
				SWIFT_VERSION = 5.0;
				TARGETED_DEVICE_FAMILY = "1,2";
				TEST_TARGET_NAME = WedNicely;
			};
			name = Debug;
		};
		4ED9F10A2A625982003CB06E /* Release */ = {
			isa = XCBuildConfiguration;
			buildSettings = {
				ALWAYS_EMBED_SWIFT_STANDARD_LIBRARIES = YES;
				CODE_SIGN_STYLE = Automatic;
				CURRENT_PROJECT_VERSION = 1;
				GENERATE_INFOPLIST_FILE = YES;
				MARKETING_VERSION = 1.0;
				PRODUCT_BUNDLE_IDENTIFIER = team.vijay.WedNicelyUITests;
				PRODUCT_NAME = "$(TARGET_NAME)";
				SWIFT_EMIT_LOC_STRINGS = NO;
				SWIFT_VERSION = 5.0;
				TARGETED_DEVICE_FAMILY = "1,2";
				TEST_TARGET_NAME = WedNicely;
			};
			name = Release;
		};
/* End XCBuildConfiguration section */

/* Begin XCConfigurationList section */
		4ED9F0D92A62597E003CB06E /* Build configuration list for PBXProject "WedNicely" */ = {
			isa = XCConfigurationList;
			buildConfigurations = (
				4ED9F1002A625982003CB06E /* Debug */,
				4ED9F1012A625982003CB06E /* Release */,
			);
			defaultConfigurationIsVisible = 0;
			defaultConfigurationName = Release;
		};
		4ED9F1022A625982003CB06E /* Build configuration list for PBXNativeTarget "WedNicely" */ = {
			isa = XCConfigurationList;
			buildConfigurations = (
				4ED9F1032A625982003CB06E /* Debug */,
				4ED9F1042A625982003CB06E /* Release */,
			);
			defaultConfigurationIsVisible = 0;
			defaultConfigurationName = Release;
		};
		4ED9F1052A625982003CB06E /* Build configuration list for PBXNativeTarget "WedNicelyTests" */ = {
			isa = XCConfigurationList;
			buildConfigurations = (
				4ED9F1062A625982003CB06E /* Debug */,
				4ED9F1072A625982003CB06E /* Release */,
			);
			defaultConfigurationIsVisible = 0;
			defaultConfigurationName = Release;
		};
		4ED9F1082A625982003CB06E /* Build configuration list for PBXNativeTarget "WedNicelyUITests" */ = {
			isa = XCConfigurationList;
			buildConfigurations = (
				4ED9F1092A625982003CB06E /* Debug */,
				4ED9F10A2A625982003CB06E /* Release */,
			);
			defaultConfigurationIsVisible = 0;
			defaultConfigurationName = Release;
		};
/* End XCConfigurationList section */

/* Begin XCRemoteSwiftPackageReference section */
		4ED9F10D2A62A0BB003CB06E /* XCRemoteSwiftPackageReference "lottie-ios" */ = {
			isa = XCRemoteSwiftPackageReference;
			repositoryURL = "https://github.com/airbnb/lottie-ios";
			requirement = {
				kind = upToNextMajorVersion;
				minimumVersion = 4.0.0;
			};
		};
/* End XCRemoteSwiftPackageReference section */

/* Begin XCSwiftPackageProductDependency section */
		4ED9F10E2A62A0BC003CB06E /* Lottie */ = {
			isa = XCSwiftPackageProductDependency;
			package = 4ED9F10D2A62A0BB003CB06E /* XCRemoteSwiftPackageReference "lottie-ios" */;
			productName = Lottie;
		};
/* End XCSwiftPackageProductDependency section */
	};
	rootObject = 4ED9F0D62A62597E003CB06E /* Project object */;
}
